Microsoft Visual Studio Solution File, Format Version 12.00
# Visual Studio Version 17
VisualStudioVersion = 17.5.2.0
MinimumVisualStudioVersion = 10.0.40219.1
Project("{FAE04EC0-301F-11D3-BF4B-00C04F79EFBC}") = "GenericHostDemo", "GenericHostDemo\GenericHostDemo.csproj", "{37FE8662-8EB7-489A-E83B-D78A2052196E}"
EndProject
Project("{FAE04EC0-301F-11D3-BF4B-00C04F79EFBC}") = "MyFirstApp", "MyFirstApp\MyFirstApp.csproj", "{B9FEBF69-434E-73F2-CB32-715EFC648C6E}"
EndProject
Project("{FAE04EC0-301F-11D3-BF4B-00C04F79EFBC}") = "MyNewApi", "MyNewApi\MyNewApi.csproj", "{01645385-393F-305F-9C7D-5A5A0F5B2BBD}"
EndProject
Global
	GlobalSection(SolutionConfigurationPlatforms) = preSolution
		Debug|Any CPU = Debug|Any CPU
		Release|Any CPU = Release|Any CPU
	EndGlobalSection
	GlobalSection(ProjectConfigurationPlatforms) = postSolution
		{37FE8662-8EB7-489A-E83B-D78A2052196E}.Debug|Any CPU.ActiveCfg = Debug|Any CPU
		{37FE8662-8EB7-489A-E83B-D78A2052196E}.Debug|Any CPU.Build.0 = Debug|Any CPU
		{37FE8662-8EB7-489A-E83B-D78A2052196E}.Release|Any CPU.ActiveCfg = Release|Any CPU
		{37FE8662-8EB7-489A-E83B-D78A2052196E}.Release|Any CPU.Build.0 = Release|Any CPU
		{B9FEBF69-434E-73F2-CB32-715EFC648C6E}.Debug|Any CPU.ActiveCfg = Debug|Any CPU
		{B9FEBF69-434E-73F2-CB32-715EFC648C6E}.Debug|Any CPU.Build.0 = Debug|Any CPU
		{B9FEBF69-434E-73F2-CB32-715EFC648C6E}.Release|Any CPU.ActiveCfg = Release|Any CPU
		{B9FEBF69-434E-73F2-CB32-715EFC648C6E}.Release|Any CPU.Build.0 = Release|Any CPU
		{01645385-393F-305F-9C7D-5A5A0F5B2BBD}.Debug|Any CPU.ActiveCfg = Debug|Any CPU
		{01645385-393F-305F-9C7D-5A5A0F5B2BBD}.Debug|Any CPU.Build.0 = Debug|Any CPU
		{01645385-393F-305F-9C7D-5A5A0F5B2BBD}.Release|Any CPU.ActiveCfg = Release|Any CPU
		{01645385-393F-305F-9C7D-5A5A0F5B2BBD}.Release|Any CPU.Build.0 = Release|Any CPU
	EndGlobalSection
	GlobalSection(SolutionProperties) = preSolution
		HideSolutionNode = FALSE
	EndGlobalSection
	GlobalSection(ExtensibilityGlobals) = postSolution
		SolutionGuid = {7B7FA8F5-DD69-4E41-9399-42F6B7D118D3}
	EndGlobalSection
EndGlobal
